
Microsoft Visual Studio Solution File, Format Version 12.00
# Visual Studio Version 16
VisualStudioVersion = 16.0.29020.237
MinimumVisualStudioVersion = 10.0.40219.1
Project("{FAE04EC0-301F-11D3-BF4B-00C04F79EFBC}") = "Login Page", "Login Page\Login Page.csproj", "{09E129DF-0F4F-42B7-AA6F-5093DD331A5F}"
EndProject
Global
	GlobalSection(SolutionConfigurationPlatforms) = preSolution
		Debug|Any CPU = Debug|Any CPU
		Release|Any CPU = Release|Any CPU
	EndGlobalSection
	GlobalSection(ProjectConfigurationPlatforms) = postSolution
		{09E129DF-0F4F-42B7-AA6F-5093DD331A5F}.Debug|Any CPU.ActiveCfg = Debug|Any CPU
		{09E129DF-0F4F-42B7-AA6F-5093DD331A5F}.Debug|Any CPU.Build.0 = Debug|Any CPU
		{09E129DF-0F4F-42B7-AA6F-5093DD331A5F}.Release|Any CPU.ActiveCfg = Release|Any CPU
		{09E129DF-0F4F-42B7-AA6F-5093DD331A5F}.Release|Any CPU.Build.0 = Release|Any CPU
	EndGlobalSection
	GlobalSection(SolutionProperties) = preSolution
		HideSolutionNode = FALSE
	EndGlobalSection
	GlobalSection(ExtensibilityGlobals) = postSolution
		SolutionGuid = {11DDCE74-F971-4041-A14B-893BB5CACA83}
	EndGlobalSection
EndGlobal
